
Microsoft Visual Studio Solution File, Format Version 12.00
# Visual Studio Version 17
VisualStudioVersion = 17.8.34525.116
MinimumVisualStudioVersion = 10.0.40219.1
Project("{9A19103F-16F7-4668-BE54-9A1E7A4F7556}") = "SaintDenis_Launcher", "SaintDenis_Launcher\SaintDenis_Launcher.csproj", "{FEC41108-EA09-41CB-8139-141CC04FCA1F}"
EndProject
Project("{9A19103F-16F7-4668-BE54-9A1E7A4F7556}") = "Custom_Button_Library", "Custom_Button_Library\Custom_Button_Library.csproj", "{459DB2F1-3657-4C25-B74E-4E1930A82899}"
EndProject
Global
	GlobalSection(SolutionConfigurationPlatforms) = preSolution
		Debug|Any CPU = Debug|Any CPU
		Release|Any CPU = Release|Any CPU
	EndGlobalSection
	GlobalSection(ProjectConfigurationPlatforms) = postSolution
		{FEC41108-EA09-41CB-8139-141CC04FCA1F}.Debug|Any CPU.ActiveCfg = Debug|Any CPU
		{FEC41108-EA09-41CB-8139-141CC04FCA1F}.Debug|Any CPU.Build.0 = Debug|Any CPU
		{FEC41108-EA09-41CB-8139-141CC04FCA1F}.Release|Any CPU.ActiveCfg = Release|Any CPU
		{FEC41108-EA09-41CB-8139-141CC04FCA1F}.Release|Any CPU.Build.0 = Release|Any CPU
		{459DB2F1-3657-4C25-B74E-4E1930A82899}.Debug|Any CPU.ActiveCfg = Debug|Any CPU
		{459DB2F1-3657-4C25-B74E-4E1930A82899}.Debug|Any CPU.Build.0 = Debug|Any CPU
		{459DB2F1-3657-4C25-B74E-4E1930A82899}.Release|Any CPU.ActiveCfg = Release|Any CPU
		{459DB2F1-3657-4C25-B74E-4E1930A82899}.Release|Any CPU.Build.0 = Release|Any CPU
	EndGlobalSection
	GlobalSection(SolutionProperties) = preSolution
		HideSolutionNode = FALSE
	EndGlobalSection
	GlobalSection(ExtensibilityGlobals) = postSolution
		SolutionGuid = {C050EDFF-2145-40E8-AD55-CBE7A6B7F03B}
	EndGlobalSection
EndGlobal
